// !$*UTF8*$!
{
	archiveVersion = 1;
	classes = {
	};
	objectVersion = 50;
	objects = {

/* Begin PBXBuildFile section */
		982AD609250115C800EEF29F /* AppDelegate.swift in Sources */ = {isa = PBXBuildFile; fileRef = 982AD608250115C800EEF29F /* AppDelegate.swift */; };
		982AD60B250115C800EEF29F /* ViewController.swift in Sources */ = {isa = PBXBuildFile; fileRef = 982AD60A250115C800EEF29F /* ViewController.swift */; };
		982AD60D250115C900EEF29F /* Assets.xcassets in Resources */ = {isa = PBXBuildFile; fileRef = 982AD60C250115C900EEF29F /* Assets.xcassets */; };
		982AD610250115C900EEF29F /* Main.storyboard in Resources */ = {isa = PBXBuildFile; fileRef = 982AD60E250115C900EEF29F /* Main.storyboard */; };
		982AD6352501277E00EEF29F /* NsWindowController.swift in Sources */ = {isa = PBXBuildFile; fileRef = 982AD6342501277E00EEF29F /* NsWindowController.swift */; };
		982AD639250152F100EEF29F /* Menu.swift in Sources */ = {isa = PBXBuildFile; fileRef = 982AD638250152F100EEF29F /* Menu.swift */; };
		98C66D1A2503E73900DB409E /* windowinput.swift in Sources */ = {isa = PBXBuildFile; fileRef = 98C66D192503E73900DB409E /* windowinput.swift */; };
/* End PBXBuildFile section */

/* Begin PBXFileReference section */
		982AD605250115C800EEF29F /* recordTime_storyboard.app */ = {isa = PBXFileReference; explicitFileType = wrapper.application; includeInIndex = 0; path = recordTime_storyboard.app; sourceTree = BUILT_PRODUCTS_DIR; };
		982AD608250115C800EEF29F /* AppDelegate.swift */ = {isa = PBXFileReference; lastKnownFileType = sourcecode.swift; path = AppDelegate.swift; sourceTree = "<group>"; };
		982AD60A250115C800EEF29F /* ViewController.swift */ = {isa = PBXFileReference; lastKnownFileType = sourcecode.swift; path = ViewController.swift; sourceTree = "<group>"; };
		982AD60C250115C900EEF29F /* Assets.xcassets */ = {isa = PBXFileReference; lastKnownFileType = folder.assetcatalog; path = Assets.xcassets; sourceTree = "<group>"; };
		982AD60F250115C900EEF29F /* Base */ = {isa = PBXFileReference; lastKnownFileType = file.storyboard; name = Base; path = Base.lproj/Main.storyboard; sourceTree = "<group>"; };
		982AD611250115C900EEF29F /* Info.plist */ = {isa = PBXFileReference; lastKnownFileType = text.plist.xml; path = Info.plist; sourceTree = "<group>"; };
		982AD612250115C900EEF29F /* recordTime_storyboard.entitlements */ = {isa = PBXFileReference; lastKnownFileType = text.plist.entitlements; path = recordTime_storyboard.entitlements; sourceTree = "<group>"; };
		982AD6342501277E00EEF29F /* NsWindowController.swift */ = {isa = PBXFileReference; lastKnownFileType = sourcecode.swift; path = NsWindowController.swift; sourceTree = "<group>"; };
		982AD638250152F100EEF29F /* Menu.swift */ = {isa = PBXFileReference; lastKnownFileType = sourcecode.swift; path = Menu.swift; sourceTree = "<group>"; };
		98C66D192503E73900DB409E /* windowinput.swift */ = {isa = PBXFileReference; lastKnownFileType = sourcecode.swift; path = windowinput.swift; sourceTree = "<group>"; };
/* End PBXFileReference section */

/* Begin PBXFrameworksBuildPhase section */
		982AD602250115C800EEF29F /* Frameworks */ = {
			isa = PBXFrameworksBuildPhase;
			buildActionMask = 2147483647;
			files = (
			);
			runOnlyForDeploymentPostprocessing = 0;
		};
/* End PBXFrameworksBuildPhase section */

/* Begin PBXGroup section */
		982AD5FC250115C800EEF29F = {
			isa = PBXGroup;
			children = (
				982AD607250115C800EEF29F /* recordTime_storyboard */,
				982AD606250115C800EEF29F /* Products */,
			);
			sourceTree = "<group>";
		};
		982AD606250115C800EEF29F /* Products */ = {
			isa = PBXGroup;
			children = (
				982AD605250115C800EEF29F /* recordTime_storyboard.app */,
			);
			name = Products;
			sourceTree = "<group>";
		};
		982AD607250115C800EEF29F /* recordTime_storyboard */ = {
			isa = PBXGroup;
			children = (
				982AD608250115C800EEF29F /* AppDelegate.swift */,
				982AD60A250115C800EEF29F /* ViewController.swift */,
				982AD6342501277E00EEF29F /* NsWindowController.swift */,
				98C66D192503E73900DB409E /* windowinput.swift */,
				982AD60C250115C900EEF29F /* Assets.xcassets */,
				982AD60E250115C900EEF29F /* Main.storyboard */,
				982AD638250152F100EEF29F /* Menu.swift */,
				982AD611250115C900EEF29F /* Info.plist */,
				982AD612250115C900EEF29F /* recordTime_storyboard.entitlements */,
			);
			path = recordTime_storyboard;
			sourceTree = "<group>";
		};
/* End PBXGroup section */

/* Begin PBXNativeTarget section */
		982AD604250115C800EEF29F /* recordTime_storyboard */ = {
			isa = PBXNativeTarget;
			buildConfigurationList = 982AD615250115C900EEF29F /* Build configuration list for PBXNativeTarget "recordTime_storyboard" */;
			buildPhases = (
				982AD601250115C800EEF29F /* Sources */,
				982AD602250115C800EEF29F /* Frameworks */,
				982AD603250115C800EEF29F /* Resources */,
			);
			buildRules = (
			);
			dependencies = (
			);
			name = recordTime_storyboard;
			productName = recordTime_storyboard;
			productReference = 982AD605250115C800EEF29F /* recordTime_storyboard.app */;
			productType = "com.apple.product-type.application";
		};
/* End PBXNativeTarget section */

/* Begin PBXProject section */
		982AD5FD250115C800EEF29F /* Project object */ = {
			isa = PBXProject;
			attributes = {
				LastSwiftUpdateCheck = 1170;
				LastUpgradeCheck = 1170;
				ORGANIZATIONNAME = SuffocationRoom;
				TargetAttributes = {
					982AD604250115C800EEF29F = {
						CreatedOnToolsVersion = 11.7;
					};
				};
			};
			buildConfigurationList = 982AD600250115C800EEF29F /* Build configuration list for PBXProject "recordTime_storyboard" */;
			compatibilityVersion = "Xcode 9.3";
			developmentRegion = en;
			hasScannedForEncodings = 0;
			knownRegions = (
				en,
				Base,
			);
			mainGroup = 982AD5FC250115C800EEF29F;
			productRefGroup = 982AD606250115C800EEF29F /* Products */;
			projectDirPath = "";
			projectRoot = "";
			targets = (
				982AD604250115C800EEF29F /* recordTime_storyboard */,
			);
		};
/* End PBXProject section */

/* Begin PBXResourcesBuildPhase section */
		982AD603250115C800EEF29F /* Resources */ = {
			isa = PBXResourcesBuildPhase;
			buildActionMask = 2147483647;
			files = (
				982AD60D250115C900EEF29F /* Assets.xcassets in Resources */,
				982AD610250115C900EEF29F /* Main.storyboard in Resources */,
			);
			runOnlyForDeploymentPostprocessing = 0;
		};
/* End PBXResourcesBuildPhase section */

/* Begin PBXSourcesBuildPhase section */
		982AD601250115C800EEF29F /* Sources */ = {
			isa = PBXSourcesBuildPhase;
			buildActionMask = 2147483647;
			files = (
				98C66D1A2503E73900DB409E /* windowinput.swift in Sources */,
				982AD6352501277E00EEF29F /* NsWindowController.swift in Sources */,
				982AD60B250115C800EEF29F /* ViewController.swift in Sources */,
				982AD639250152F100EEF29F /* Menu.swift in Sources */,
				982AD609250115C800EEF29F /* AppDelegate.swift in Sources */,
			);
			runOnlyForDeploymentPostprocessing = 0;
		};
/* End PBXSourcesBuildPhase section */

/* Begin PBXVariantGroup section */
		982AD60E250115C900EEF29F /* Main.storyboard */ = {
			isa = PBXVariantGroup;
			children = (
				982AD60F250115C900EEF29F /* Base */,
			);
			name = Main.storyboard;
			sourceTree = "<group>";
		};
/* End PBXVariantGroup section */

/* Begin XCBuildConfiguration section */
		982AD613250115C900EEF29F /* Debug */ = {
			isa = XCBuildConfiguration;
			buildSettings = {
				ALWAYS_SEARCH_USER_PATHS = NO;
				CLANG_ANALYZER_NONNULL = YES;
				CLANG_ANALYZER_NUMBER_OBJECT_CONVERSION = YES_AGGRESSIVE;
				CLANG_CXX_LANGUAGE_STANDARD = "gnu++14";
				CLANG_CXX_LIBRARY = "libc++";
				CLANG_ENABLE_MODULES = YES;
				CLANG_ENABLE_OBJC_ARC = YES;
				CLANG_ENABLE_OBJC_WEAK = YES;
				CLANG_WARN_BLOCK_CAPTURE_AUTORELEASING = YES;
				CLANG_WARN_BOOL_CONVERSION = YES;
				CLANG_WARN_COMMA = YES;
				CLANG_WARN_CONSTANT_CONVERSION = YES;
				CLANG_WARN_DEPRECATED_OBJC_IMPLEMENTATIONS = YES;
				CLANG_WARN_DIRECT_OBJC_ISA_USAGE = YES_ERROR;
				CLANG_WARN_DOCUMENTATION_COMMENTS = YES;
				CLANG_WARN_EMPTY_BODY = YES;
				CLANG_WARN_ENUM_CONVERSION = YES;
				CLANG_WARN_INFINITE_RECURSION = YES;
				CLANG_WARN_INT_CONVERSION = YES;
				CLANG_WARN_NON_LITERAL_NULL_CONVERSION = YES;
				CLANG_WARN_OBJC_IMPLICIT_RETAIN_SELF = YES;
				CLANG_WARN_OBJC_LITERAL_CONVERSION = YES;
				CLANG_WARN_OBJC_ROOT_CLASS = YES_ERROR;
				CLANG_WARN_RANGE_LOOP_ANALYSIS = YES;
				CLANG_WARN_STRICT_PROTOTYPES = YES;
				CLANG_WARN_SUSPICIOUS_MOVE = YES;
				CLANG_WARN_UNGUARDED_AVAILABILITY = YES_AGGRESSIVE;
				CLANG_WARN_UNREACHABLE_CODE = YES;
				CLANG_WARN__DUPLICATE_METHOD_MATCH = YES;
				COPY_PHASE_STRIP = NO;
				DEBUG_INFORMATION_FORMAT = dwarf;
				ENABLE_STRICT_OBJC_MSGSEND = YES;
				ENABLE_TESTABILITY = YES;
				GCC_C_LANGUAGE_STANDARD = gnu11;
				GCC_DYNAMIC_NO_PIC = NO;
				GCC_NO_COMMON_BLOCKS = YES;
				GCC_OPTIMIZATION_LEVEL = 0;
				GCC_PREPROCESSOR_DEFINITIONS = (
					"DEBUG=1",
					"$(inherited)",
				);
				GCC_WARN_64_TO_32_BIT_CONVERSION = YES;
				GCC_WARN_ABOUT_RETURN_TYPE = YES_ERROR;
				GCC_WARN_UNDECLARED_SELECTOR = YES;
				GCC_WARN_UNINITIALIZED_AUTOS = YES_AGGRESSIVE;
				GCC_WARN_UNUSED_FUNCTION = YES;
				GCC_WARN_UNUSED_VARIABLE = YES;
				MACOSX_DEPLOYMENT_TARGET = 10.15;
				MTL_ENABLE_DEBUG_INFO = INCLUDE_SOURCE;
				MTL_FAST_MATH = YES;
				ONLY_ACTIVE_ARCH = YES;
				SDKROOT = macosx;
				SWIFT_ACTIVE_COMPILATION_CONDITIONS = DEBUG;
				SWIFT_OPTIMIZATION_LEVEL = "-Onone";
			};
			name = Debug;
		};
		982AD614250115C900EEF29F /* Release */ = {
			isa = XCBuildConfiguration;
			buildSettings = {
				ALWAYS_SEARCH_USER_PATHS = NO;
				CLANG_ANALYZER_NONNULL = YES;
				CLANG_ANALYZER_NUMBER_OBJECT_CONVERSION = YES_AGGRESSIVE;
				CLANG_CXX_LANGUAGE_STANDARD = "gnu++14";
				CLANG_CXX_LIBRARY = "libc++";
				CLANG_ENABLE_MODULES = YES;
				CLANG_ENABLE_OBJC_ARC = YES;
				CLANG_ENABLE_OBJC_WEAK = YES;
				CLANG_WARN_BLOCK_CAPTURE_AUTORELEASING = YES;
				CLANG_WARN_BOOL_CONVERSION = YES;
				CLANG_WARN_COMMA = YES;
				CLANG_WARN_CONSTANT_CONVERSION = YES;
				CLANG_WARN_DEPRECATED_OBJC_IMPLEMENTATIONS = YES;
				CLANG_WARN_DIRECT_OBJC_ISA_USAGE = YES_ERROR;
				CLANG_WARN_DOCUMENTATION_COMMENTS = YES;
				CLANG_WARN_EMPTY_BODY = YES;
				CLANG_WARN_ENUM_CONVERSION = YES;
				CLANG_WARN_INFINITE_RECURSION = YES;
				CLANG_WARN_INT_CONVERSION = YES;
				CLANG_WARN_NON_LITERAL_NULL_CONVERSION = YES;
				CLANG_WARN_OBJC_IMPLICIT_RETAIN_SELF = YES;
				CLANG_WARN_OBJC_LITERAL_CONVERSION = YES;
				CLANG_WARN_OBJC_ROOT_CLASS = YES_ERROR;
				CLANG_WARN_RANGE_LOOP_ANALYSIS = YES;
				CLANG_WARN_STRICT_PROTOTYPES = YES;
				CLANG_WARN_SUSPICIOUS_MOVE = YES;
				CLANG_WARN_UNGUARDED_AVAILABILITY = YES_AGGRESSIVE;
				CLANG_WARN_UNREACHABLE_CODE = YES;
				CLANG_WARN__DUPLICATE_METHOD_MATCH = YES;
				COPY_PHASE_STRIP = NO;
				DEBUG_INFORMATION_FORMAT = "dwarf-with-dsym";
				ENABLE_NS_ASSERTIONS = NO;
				ENABLE_STRICT_OBJC_MSGSEND = YES;
				GCC_C_LANGUAGE_STANDARD = gnu11;
				GCC_NO_COMMON_BLOCKS = YES;
				GCC_WARN_64_TO_32_BIT_CONVERSION = YES;
				GCC_WARN_ABOUT_RETURN_TYPE = YES_ERROR;
				GCC_WARN_UNDECLARED_SELECTOR = YES;
				GCC_WARN_UNINITIALIZED_AUTOS = YES_AGGRESSIVE;
				GCC_WARN_UNUSED_FUNCTION = YES;
				GCC_WARN_UNUSED_VARIABLE = YES;
				MACOSX_DEPLOYMENT_TARGET = 10.15;
				MTL_ENABLE_DEBUG_INFO = NO;
				MTL_FAST_MATH = YES;
				SDKROOT = macosx;
				SWIFT_COMPILATION_MODE = wholemodule;
				SWIFT_OPTIMIZATION_LEVEL = "-O";
			};
			name = Release;
		};
		982AD616250115C900EEF29F /* Debug */ = {
			isa = XCBuildConfiguration;
			buildSettings = {
				ASSETCATALOG_COMPILER_APPICON_NAME = AppIcon;
				CODE_SIGN_ENTITLEMENTS = recordTime_storyboard/recordTime_storyboard.entitlements;
				CODE_SIGN_STYLE = Automatic;
				COMBINE_HIDPI_IMAGES = YES;
				INFOPLIST_FILE = recordTime_storyboard/Info.plist;
				LD_RUNPATH_SEARCH_PATHS = (
					"$(inherited)",
					"@executable_path/../Frameworks",
				);
				MACOSX_DEPLOYMENT_TARGET = 10.15;
				PRODUCT_BUNDLE_IDENTIFIER = "com.inkhin.recordTime.recordTime-storyboard";
				PRODUCT_NAME = "$(TARGET_NAME)";
				SWIFT_VERSION = 5.0;
			};
			name = Debug;
		};
		982AD617250115C900EEF29F /* Release */ = {
			isa = XCBuildConfiguration;
			buildSettings = {
				ASSETCATALOG_COMPILER_APPICON_NAME = AppIcon;
				CODE_SIGN_ENTITLEMENTS = recordTime_storyboard/recordTime_storyboard.entitlements;
				CODE_SIGN_STYLE = Automatic;
				COMBINE_HIDPI_IMAGES = YES;
				INFOPLIST_FILE = recordTime_storyboard/Info.plist;
				LD_RUNPATH_SEARCH_PATHS = (
					"$(inherited)",
					"@executable_path/../Frameworks",
				);
				MACOSX_DEPLOYMENT_TARGET = 10.15;
				PRODUCT_BUNDLE_IDENTIFIER = "com.inkhin.recordTime.recordTime-storyboard";
				PRODUCT_NAME = "$(TARGET_NAME)";
				SWIFT_VERSION = 5.0;
			};
			name = Release;
		};
/* End XCBuildConfiguration section */

/* Begin XCConfigurationList section */
		982AD600250115C800EEF29F /* Build configuration list for PBXProject "recordTime_storyboard" */ = {
			isa = XCConfigurationList;
			buildConfigurations = (
				982AD613250115C900EEF29F /* Debug */,
				982AD614250115C900EEF29F /* Release */,
			);
			defaultConfigurationIsVisible = 0;
			defaultConfigurationName = Release;
		};
		982AD615250115C900EEF29F /* Build configuration list for PBXNativeTarget "recordTime_storyboard" */ = {
			isa = XCConfigurationList;
			buildConfigurations = (
				982AD616250115C900EEF29F /* Debug */,
				982AD617250115C900EEF29F /* Release */,
			);
			defaultConfigurationIsVisible = 0;
			defaultConfigurationName = Release;
		};
/* End XCConfigurationList section */
	};
	rootObject = 982AD5FD250115C800EEF29F /* Project object */;
}
